PODS:
  - LCCTableIndex (0.1.1):
    - LCCTools
    - Masonry
  - LCCTools (0.1.1)
  - Masonry (1.1.0)

DEPENDENCIES:
  - LCCTableIndex (from `../`)
  - LCCTools (from `/Users/luchuan/Documents/Project/Pod/LCCTools/LCCTools.podspec`)

SPEC REPOS:
  trunk:
    - Masonry

EXTERNAL SOURCES:
  LCCTableIndex:
    :path: "../"
  LCCTools:
    :path: "/Users/luchuan/Documents/Project/Pod/LCCTools/LCCTools.podspec"

SPEC CHECKSUMS:
  LCCTableIndex: a7c0055b27719183c300dbf73379ccbbfaf8533d
  LCCTools: f7ba4e5ac7ecf51e447a8457d913d172e63a69c1
  Masonry: 678fab65091a9290e40e2832a55e7ab731aad201

PODFILE CHECKSUM: c386d7b203629433c3139a299ffe6862efb0a8d2

COCOAPODS: 1.10.1
