PODS:
  - LCCTableIndex (0.1.0):
    - LCCTools
    - Masonry
  - LCCTools (0.1.0)
  - Masonry (1.1.0)

DEPENDENCIES:
  - LCCTableIndex (from `../`)
  - LCCTools (from `/Users/luchuan/Documents/Project/Pod/LCCTools/LCCTools.podspec`)

SPEC REPOS:
  trunk:
    - Masonry

EXTERNAL SOURCES:
  LCCTableIndex:
    :path: "../"
  LCCTools:
    :path: "/Users/luchuan/Documents/Project/Pod/LCCTools/LCCTools.podspec"

SPEC CHECKSUMS:
  LCCTableIndex: 8b0a95dbe1aa018c9c80236664a5f2dd95912163
  LCCTools: 07dcc388afd99880779f0bec19625f97233abfc2
  Masonry: 678fab65091a9290e40e2832a55e7ab731aad201

PODFILE CHECKSUM: c386d7b203629433c3139a299ffe6862efb0a8d2

COCOAPODS: 1.10.1
